
Microsoft Visual Studio Solution File, Format Version 12.00
# Visual Studio 15
VisualStudioVersion = 15.0.27703.2042
MinimumVisualStudioVersion = 10.0.40219.1
Project("{FAE04EC0-301F-11D3-BF4B-00C04F79EFBC}") = "Stock", "Stock\Stock.csproj", "{9B039F97-D35A-4FA2-81E3-8AAEA6522111}"
EndProject
Global
	GlobalSection(SolutionConfigurationPlatforms) = preSolution
		Debug|Any CPU = Debug|Any CPU
		Release|Any CPU = Release|Any CPU
	EndGlobalSection
	GlobalSection(ProjectConfigurationPlatforms) = postSolution
		{9B039F97-D35A-4FA2-81E3-8AAEA6522111}.Debug|Any CPU.ActiveCfg = Debug|Any CPU
		{9B039F97-D35A-4FA2-81E3-8AAEA6522111}.Debug|Any CPU.Build.0 = Debug|Any CPU
		{9B039F97-D35A-4FA2-81E3-8AAEA6522111}.Release|Any CPU.ActiveCfg = Release|Any CPU
		{9B039F97-D35A-4FA2-81E3-8AAEA6522111}.Release|Any CPU.Build.0 = Release|Any CPU
	EndGlobalSection
	GlobalSection(SolutionProperties) = preSolution
		HideSolutionNode = FALSE
	EndGlobalSection
	GlobalSection(ExtensibilityGlobals) = postSolution
		SolutionGuid = {4667134B-B1FA-41B8-BA24-DA1B24603A83}
	EndGlobalSection
EndGlobal
